// !$*UTF8*$!
{
	archiveVersion = 1;
	classes = {
	};
	objectVersion = 50;
	objects = {

/* Begin PBXBuildFile section */
		D944DD6921E25E86008DFFFE /* AppDelegate.swift in Sources */ = {isa = PBXBuildFile; fileRef = D944DD6821E25E86008DFFFE /* AppDelegate.swift */; };
		D944DD6E21E25E86008DFFFE /* Main.storyboard in Resources */ = {isa = PBXBuildFile; fileRef = D944DD6C21E25E86008DFFFE /* Main.storyboard */; };
		D944DD7021E25E90008DFFFE /* Assets.xcassets in Resources */ = {isa = PBXBuildFile; fileRef = D944DD6F21E25E90008DFFFE /* Assets.xcassets */; };
		D944DD7321E25E90008DFFFE /* LaunchScreen.storyboard in Resources */ = {isa = PBXBuildFile; fileRef = D944DD7121E25E90008DFFFE /* LaunchScreen.storyboard */; };
		D944DD8121E262BB008DFFFE /* Default-568h@2x.png in Resources */ = {isa = PBXBuildFile; fileRef = D944DD8021E262BB008DFFFE /* Default-568h@2x.png */; };
		D944DD8321E26344008DFFFE /* PastaTableViewController.swift in Sources */ = {isa = PBXBuildFile; fileRef = D944DD8221E26344008DFFFE /* PastaTableViewController.swift */; };
		D944DD8621E26785008DFFFE /* PastaType.swift in Sources */ = {isa = PBXBuildFile; fileRef = D944DD8521E26785008DFFFE /* PastaType.swift */; };
		D944DD8821E273DE008DFFFE /* PastaTableViewCell.swift in Sources */ = {isa = PBXBuildFile; fileRef = D944DD8721E273DE008DFFFE /* PastaTableViewCell.swift */; };
		D944DD8B21E28289008DFFFE /* Localizable.strings in Resources */ = {isa = PBXBuildFile; fileRef = D944DD8921E28289008DFFFE /* Localizable.strings */; };
		D944DD8F21E287AE008DFFFE /* InfoPlist.strings in Resources */ = {isa = PBXBuildFile; fileRef = D944DD9121E287AE008DFFFE /* InfoPlist.strings */; };
		D965638821E35AF9008DF191 /* ConsistencyViewController.swift in Sources */ = {isa = PBXBuildFile; fileRef = D965638721E35AF9008DF191 /* ConsistencyViewController.swift */; };
		D9E466E621E4CE49001BCBD1 /* TimerViewController.swift in Sources */ = {isa = PBXBuildFile; fileRef = D9E466E521E4CE49001BCBD1 /* TimerViewController.swift */; };
/* End PBXBuildFile section */

/* Begin PBXFileReference section */
		D944DD6521E25E86008DFFFE /* Pasta.app */ = {isa = PBXFileReference; explicitFileType = wrapper.application; includeInIndex = 0; path = Pasta.app; sourceTree = BUILT_PRODUCTS_DIR; };
		D944DD6821E25E86008DFFFE /* AppDelegate.swift */ = {isa = PBXFileReference; lastKnownFileType = sourcecode.swift; path = AppDelegate.swift; sourceTree = "<group>"; };
		D944DD6D21E25E86008DFFFE /* Base */ = {isa = PBXFileReference; lastKnownFileType = file.storyboard; name = Base; path = Base.lproj/Main.storyboard; sourceTree = "<group>"; };
		D944DD6F21E25E90008DFFFE /* Assets.xcassets */ = {isa = PBXFileReference; lastKnownFileType = folder.assetcatalog; path = Assets.xcassets; sourceTree = "<group>"; };
		D944DD7221E25E90008DFFFE /* Base */ = {isa = PBXFileReference; lastKnownFileType = file.storyboard; name = Base; path = Base.lproj/LaunchScreen.storyboard; sourceTree = "<group>"; };
		D944DD7421E25E90008DFFFE /* Info.plist */ = {isa = PBXFileReference; lastKnownFileType = text.plist.xml; path = Info.plist; sourceTree = "<group>"; };
		D944DD7A21E25EB6008DFFFE /* ru */ = {isa = PBXFileReference; lastKnownFileType = text.plist.strings; name = ru; path = ru.lproj/Main.strings; sourceTree = "<group>"; };
		D944DD7B21E25EB8008DFFFE /* ru */ = {isa = PBXFileReference; lastKnownFileType = text.plist.strings; name = ru; path = ru.lproj/LaunchScreen.strings; sourceTree = "<group>"; };
		D944DD8021E262BB008DFFFE /* Default-568h@2x.png */ = {isa = PBXFileReference; lastKnownFileType = image.png; path = "Default-568h@2x.png"; sourceTree = "<group>"; };
		D944DD8221E26344008DFFFE /* PastaTableViewController.swift */ = {isa = PBXFileReference; lastKnownFileType = sourcecode.swift; path = PastaTableViewController.swift; sourceTree = "<group>"; };
		D944DD8521E26785008DFFFE /* PastaType.swift */ = {isa = PBXFileReference; lastKnownFileType = sourcecode.swift; path = PastaType.swift; sourceTree = "<group>"; };
		D944DD8721E273DE008DFFFE /* PastaTableViewCell.swift */ = {isa = PBXFileReference; lastKnownFileType = sourcecode.swift; path = PastaTableViewCell.swift; sourceTree = "<group>"; };
		D944DD8A21E28289008DFFFE /* Base */ = {isa = PBXFileReference; lastKnownFileType = text.plist.strings; name = Base; path = Base.lproj/Localizable.strings; sourceTree = "<group>"; };
		D944DD8C21E282D6008DFFFE /* ru */ = {isa = PBXFileReference; lastKnownFileType = text.plist.strings; name = ru; path = ru.lproj/Localizable.strings; sourceTree = "<group>"; };
		D944DD9021E287AE008DFFFE /* ru */ = {isa = PBXFileReference; lastKnownFileType = text.plist.strings; name = ru; path = ru.lproj/InfoPlist.strings; sourceTree = "<group>"; };
		D944DD9221E287CF008DFFFE /* en */ = {isa = PBXFileReference; lastKnownFileType = text.plist.strings; name = en; path = en.lproj/InfoPlist.strings; sourceTree = "<group>"; };
		D965638721E35AF9008DF191 /* ConsistencyViewController.swift */ = {isa = PBXFileReference; lastKnownFileType = sourcecode.swift; path = ConsistencyViewController.swift; sourceTree = "<group>"; };
		D9E466E521E4CE49001BCBD1 /* TimerViewController.swift */ = {isa = PBXFileReference; lastKnownFileType = sourcecode.swift; path = TimerViewController.swift; sourceTree = "<group>"; };
/* End PBXFileReference section */

/* Begin PBXFrameworksBuildPhase section */
		D944DD6221E25E86008DFFFE /* Frameworks */ = {
			isa = PBXFrameworksBuildPhase;
			buildActionMask = 2147483647;
			files = (
			);
			runOnlyForDeploymentPostprocessing = 0;
		};
/* End PBXFrameworksBuildPhase section */

/* Begin PBXGroup section */
		D944DD5C21E25E86008DFFFE = {
			isa = PBXGroup;
			children = (
				D944DD8021E262BB008DFFFE /* Default-568h@2x.png */,
				D944DD6721E25E86008DFFFE /* Pasta */,
				D944DD6621E25E86008DFFFE /* Products */,
			);
			sourceTree = "<group>";
		};
		D944DD6621E25E86008DFFFE /* Products */ = {
			isa = PBXGroup;
			children = (
				D944DD6521E25E86008DFFFE /* Pasta.app */,
			);
			name = Products;
			sourceTree = "<group>";
		};
		D944DD6721E25E86008DFFFE /* Pasta */ = {
			isa = PBXGroup;
			children = (
				D944DD8921E28289008DFFFE /* Localizable.strings */,
				D944DD8421E26766008DFFFE /* Models */,
				D944DD7F21E26132008DFFFE /* Views */,
				D944DD7E21E260E3008DFFFE /* Resources */,
				D944DD7D21E260AF008DFFFE /* AppDelegate */,
				D944DD7C21E26072008DFFFE /* Controllers */,
			);
			path = Pasta;
			sourceTree = "<group>";
		};
		D944DD7C21E26072008DFFFE /* Controllers */ = {
			isa = PBXGroup;
			children = (
				D944DD8221E26344008DFFFE /* PastaTableViewController.swift */,
				D965638721E35AF9008DF191 /* ConsistencyViewController.swift */,
				D9E466E521E4CE49001BCBD1 /* TimerViewController.swift */,
			);
			path = Controllers;
			sourceTree = "<group>";
		};
		D944DD7D21E260AF008DFFFE /* AppDelegate */ = {
			isa = PBXGroup;
			children = (
				D944DD6821E25E86008DFFFE /* AppDelegate.swift */,
			);
			path = AppDelegate;
			sourceTree = "<group>";
		};
		D944DD7E21E260E3008DFFFE /* Resources */ = {
			isa = PBXGroup;
			children = (
				D944DD6F21E25E90008DFFFE /* Assets.xcassets */,
				D944DD7421E25E90008DFFFE /* Info.plist */,
				D944DD9121E287AE008DFFFE /* InfoPlist.strings */,
			);
			path = Resources;
			sourceTree = "<group>";
		};
		D944DD7F21E26132008DFFFE /* Views */ = {
			isa = PBXGroup;
			children = (
				D944DD6C21E25E86008DFFFE /* Main.storyboard */,
				D944DD7121E25E90008DFFFE /* LaunchScreen.storyboard */,
				D944DD8721E273DE008DFFFE /* PastaTableViewCell.swift */,
			);
			path = Views;
			sourceTree = "<group>";
		};
		D944DD8421E26766008DFFFE /* Models */ = {
			isa = PBXGroup;
			children = (
				D944DD8521E26785008DFFFE /* PastaType.swift */,
			);
			path = Models;
			sourceTree = "<group>";
		};
/* End PBXGroup section */

/* Begin PBXNativeTarget section */
		D944DD6421E25E86008DFFFE /* Pasta */ = {
			isa = PBXNativeTarget;
			buildConfigurationList = D944DD7721E25E90008DFFFE /* Build configuration list for PBXNativeTarget "Pasta" */;
			buildPhases = (
				D944DD6121E25E86008DFFFE /* Sources */,
				D944DD6221E25E86008DFFFE /* Frameworks */,
				D944DD6321E25E86008DFFFE /* Resources */,
			);
			buildRules = (
			);
			dependencies = (
			);
			name = Pasta;
			productName = Pasta;
			productReference = D944DD6521E25E86008DFFFE /* Pasta.app */;
			productType = "com.apple.product-type.application";
		};
/* End PBXNativeTarget section */

/* Begin PBXProject section */
		D944DD5D21E25E86008DFFFE /* Project object */ = {
			isa = PBXProject;
			attributes = {
				LastSwiftUpdateCheck = 1010;
				LastUpgradeCheck = 1010;
				ORGANIZATIONNAME = "Alex Fedoseev";
				TargetAttributes = {
					D944DD6421E25E86008DFFFE = {
						CreatedOnToolsVersion = 10.1;
					};
				};
			};
			buildConfigurationList = D944DD6021E25E86008DFFFE /* Build configuration list for PBXProject "Pasta" */;
			compatibilityVersion = "Xcode 9.3";
			developmentRegion = en;
			hasScannedForEncodings = 0;
			knownRegions = (
				en,
				Base,
				ru,
			);
			mainGroup = D944DD5C21E25E86008DFFFE;
			productRefGroup = D944DD6621E25E86008DFFFE /* Products */;
			projectDirPath = "";
			projectRoot = "";
			targets = (
				D944DD6421E25E86008DFFFE /* Pasta */,
			);
		};
/* End PBXProject section */

/* Begin PBXResourcesBuildPhase section */
		D944DD6321E25E86008DFFFE /* Resources */ = {
			isa = PBXResourcesBuildPhase;
			buildActionMask = 2147483647;
			files = (
				D944DD8B21E28289008DFFFE /* Localizable.strings in Resources */,
				D944DD8F21E287AE008DFFFE /* InfoPlist.strings in Resources */,
				D944DD7321E25E90008DFFFE /* LaunchScreen.storyboard in Resources */,
				D944DD8121E262BB008DFFFE /* Default-568h@2x.png in Resources */,
				D944DD7021E25E90008DFFFE /* Assets.xcassets in Resources */,
				D944DD6E21E25E86008DFFFE /* Main.storyboard in Resources */,
			);
			runOnlyForDeploymentPostprocessing = 0;
		};
/* End PBXResourcesBuildPhase section */

/* Begin PBXSourcesBuildPhase section */
		D944DD6121E25E86008DFFFE /* Sources */ = {
			isa = PBXSourcesBuildPhase;
			buildActionMask = 2147483647;
			files = (
				D944DD8621E26785008DFFFE /* PastaType.swift in Sources */,
				D944DD6921E25E86008DFFFE /* AppDelegate.swift in Sources */,
				D944DD8321E26344008DFFFE /* PastaTableViewController.swift in Sources */,
				D944DD8821E273DE008DFFFE /* PastaTableViewCell.swift in Sources */,
				D9E466E621E4CE49001BCBD1 /* TimerViewController.swift in Sources */,
				D965638821E35AF9008DF191 /* ConsistencyViewController.swift in Sources */,
			);
			runOnlyForDeploymentPostprocessing = 0;
		};
/* End PBXSourcesBuildPhase section */

/* Begin PBXVariantGroup section */
		D944DD6C21E25E86008DFFFE /* Main.storyboard */ = {
			isa = PBXVariantGroup;
			children = (
				D944DD6D21E25E86008DFFFE /* Base */,
				D944DD7A21E25EB6008DFFFE /* ru */,
			);
			name = Main.storyboard;
			sourceTree = "<group>";
		};
		D944DD7121E25E90008DFFFE /* LaunchScreen.storyboard */ = {
			isa = PBXVariantGroup;
			children = (
				D944DD7221E25E90008DFFFE /* Base */,
				D944DD7B21E25EB8008DFFFE /* ru */,
			);
			name = LaunchScreen.storyboard;
			sourceTree = "<group>";
		};
		D944DD8921E28289008DFFFE /* Localizable.strings */ = {
			isa = PBXVariantGroup;
			children = (
				D944DD8A21E28289008DFFFE /* Base */,
				D944DD8C21E282D6008DFFFE /* ru */,
			);
			name = Localizable.strings;
			sourceTree = "<group>";
		};
		D944DD9121E287AE008DFFFE /* InfoPlist.strings */ = {
			isa = PBXVariantGroup;
			children = (
				D944DD9021E287AE008DFFFE /* ru */,
				D944DD9221E287CF008DFFFE /* en */,
			);
			name = InfoPlist.strings;
			sourceTree = "<group>";
		};
/* End PBXVariantGroup section */

/* Begin XCBuildConfiguration section */
		D944DD7521E25E90008DFFFE /* Debug */ = {
			isa = XCBuildConfiguration;
			buildSettings = {
				ALWAYS_SEARCH_USER_PATHS = NO;
				CLANG_ANALYZER_LOCALIZABILITY_NONLOCALIZED = YES;
				CLANG_ANALYZER_NONNULL = YES;
				CLANG_ANALYZER_NUMBER_OBJECT_CONVERSION = YES_AGGRESSIVE;
				CLANG_CXX_LANGUAGE_STANDARD = "gnu++14";
				CLANG_CXX_LIBRARY = "libc++";
				CLANG_ENABLE_MODULES = YES;
				CLANG_ENABLE_OBJC_ARC = YES;
				CLANG_ENABLE_OBJC_WEAK = YES;
				CLANG_WARN_BLOCK_CAPTURE_AUTORELEASING = YES;
				CLANG_WARN_BOOL_CONVERSION = YES;
				CLANG_WARN_COMMA = YES;
				CLANG_WARN_CONSTANT_CONVERSION = YES;
				CLANG_WARN_DEPRECATED_OBJC_IMPLEMENTATIONS = YES;
				CLANG_WARN_DIRECT_OBJC_ISA_USAGE = YES_ERROR;
				CLANG_WARN_DOCUMENTATION_COMMENTS = YES;
				CLANG_WARN_EMPTY_BODY = YES;
				CLANG_WARN_ENUM_CONVERSION = YES;
				CLANG_WARN_INFINITE_RECURSION = YES;
				CLANG_WARN_INT_CONVERSION = YES;
				CLANG_WARN_NON_LITERAL_NULL_CONVERSION = YES;
				CLANG_WARN_OBJC_IMPLICIT_RETAIN_SELF = YES;
				CLANG_WARN_OBJC_LITERAL_CONVERSION = YES;
				CLANG_WARN_OBJC_ROOT_CLASS = YES_ERROR;
				CLANG_WARN_RANGE_LOOP_ANALYSIS = YES;
				CLANG_WARN_STRICT_PROTOTYPES = YES;
				CLANG_WARN_SUSPICIOUS_MOVE = YES;
				CLANG_WARN_UNGUARDED_AVAILABILITY = YES_AGGRESSIVE;
				CLANG_WARN_UNREACHABLE_CODE = YES;
				CLANG_WARN__DUPLICATE_METHOD_MATCH = YES;
				CODE_SIGN_IDENTITY = "iPhone Developer";
				COPY_PHASE_STRIP = NO;
				DEBUG_INFORMATION_FORMAT = dwarf;
				ENABLE_STRICT_OBJC_MSGSEND = YES;
				ENABLE_TESTABILITY = YES;
				GCC_C_LANGUAGE_STANDARD = gnu11;
				GCC_DYNAMIC_NO_PIC = NO;
				GCC_NO_COMMON_BLOCKS = YES;
				GCC_OPTIMIZATION_LEVEL = 0;
				GCC_PREPROCESSOR_DEFINITIONS = (
					"DEBUG=1",
					"$(inherited)",
				);
				GCC_WARN_64_TO_32_BIT_CONVERSION = YES;
				GCC_WARN_ABOUT_RETURN_TYPE = YES_ERROR;
				GCC_WARN_UNDECLARED_SELECTOR = YES;
				GCC_WARN_UNINITIALIZED_AUTOS = YES_AGGRESSIVE;
				GCC_WARN_UNUSED_FUNCTION = YES;
				GCC_WARN_UNUSED_VARIABLE = YES;
				IPHONEOS_DEPLOYMENT_TARGET = 12.1;
				MTL_ENABLE_DEBUG_INFO = INCLUDE_SOURCE;
				MTL_FAST_MATH = YES;
				ONLY_ACTIVE_ARCH = YES;
				SDKROOT = iphoneos;
				SWIFT_ACTIVE_COMPILATION_CONDITIONS = DEBUG;
				SWIFT_OPTIMIZATION_LEVEL = "-Onone";
			};
			name = Debug;
		};
		D944DD7621E25E90008DFFFE /* Release */ = {
			isa = XCBuildConfiguration;
			buildSettings = {
				ALWAYS_SEARCH_USER_PATHS = NO;
				CLANG_ANALYZER_LOCALIZABILITY_NONLOCALIZED = YES;
				CLANG_ANALYZER_NONNULL = YES;
				CLANG_ANALYZER_NUMBER_OBJECT_CONVERSION = YES_AGGRESSIVE;
				CLANG_CXX_LANGUAGE_STANDARD = "gnu++14";
				CLANG_CXX_LIBRARY = "libc++";
				CLANG_ENABLE_MODULES = YES;
				CLANG_ENABLE_OBJC_ARC = YES;
				CLANG_ENABLE_OBJC_WEAK = YES;
				CLANG_WARN_BLOCK_CAPTURE_AUTORELEASING = YES;
				CLANG_WARN_BOOL_CONVERSION = YES;
				CLANG_WARN_COMMA = YES;
				CLANG_WARN_CONSTANT_CONVERSION = YES;
				CLANG_WARN_DEPRECATED_OBJC_IMPLEMENTATIONS = YES;
				CLANG_WARN_DIRECT_OBJC_ISA_USAGE = YES_ERROR;
				CLANG_WARN_DOCUMENTATION_COMMENTS = YES;
				CLANG_WARN_EMPTY_BODY = YES;
				CLANG_WARN_ENUM_CONVERSION = YES;
				CLANG_WARN_INFINITE_RECURSION = YES;
				CLANG_WARN_INT_CONVERSION = YES;
				CLANG_WARN_NON_LITERAL_NULL_CONVERSION = YES;
				CLANG_WARN_OBJC_IMPLICIT_RETAIN_SELF = YES;
				CLANG_WARN_OBJC_LITERAL_CONVERSION = YES;
				CLANG_WARN_OBJC_ROOT_CLASS = YES_ERROR;
				CLANG_WARN_RANGE_LOOP_ANALYSIS = YES;
				CLANG_WARN_STRICT_PROTOTYPES = YES;
				CLANG_WARN_SUSPICIOUS_MOVE = YES;
				CLANG_WARN_UNGUARDED_AVAILABILITY = YES_AGGRESSIVE;
				CLANG_WARN_UNREACHABLE_CODE = YES;
				CLANG_WARN__DUPLICATE_METHOD_MATCH = YES;
				CODE_SIGN_IDENTITY = "iPhone Developer";
				COPY_PHASE_STRIP = NO;
				DEBUG_INFORMATION_FORMAT = "dwarf-with-dsym";
				ENABLE_NS_ASSERTIONS = NO;
				ENABLE_STRICT_OBJC_MSGSEND = YES;
				GCC_C_LANGUAGE_STANDARD = gnu11;
				GCC_NO_COMMON_BLOCKS = YES;
				GCC_WARN_64_TO_32_BIT_CONVERSION = YES;
				GCC_WARN_ABOUT_RETURN_TYPE = YES_ERROR;
				GCC_WARN_UNDECLARED_SELECTOR = YES;
				GCC_WARN_UNINITIALIZED_AUTOS = YES_AGGRESSIVE;
				GCC_WARN_UNUSED_FUNCTION = YES;
				GCC_WARN_UNUSED_VARIABLE = YES;
				IPHONEOS_DEPLOYMENT_TARGET = 12.1;
				MTL_ENABLE_DEBUG_INFO = NO;
				MTL_FAST_MATH = YES;
				SDKROOT = iphoneos;
				SWIFT_COMPILATION_MODE = wholemodule;
				SWIFT_OPTIMIZATION_LEVEL = "-O";
				VALIDATE_PRODUCT = YES;
			};
			name = Release;
		};
		D944DD7821E25E90008DFFFE /* Debug */ = {
			isa = XCBuildConfiguration;
			buildSettings = {
				ASSETCATALOG_COMPILER_APPICON_NAME = AppIcon;
				CODE_SIGN_STYLE = Automatic;
				DEVELOPMENT_TEAM = 9D23U6XAWC;
				INFOPLIST_FILE = "$(SRCROOT)/Pasta/Resources/Info.plist";
				LD_RUNPATH_SEARCH_PATHS = (
					"$(inherited)",
					"@executable_path/Frameworks",
				);
				PRODUCT_BUNDLE_IDENTIFIER = com.almaunion.Pasta;
				PRODUCT_NAME = "$(TARGET_NAME)";
				SWIFT_VERSION = 4.2;
				TARGETED_DEVICE_FAMILY = "1,2";
			};
			name = Debug;
		};
		D944DD7921E25E90008DFFFE /* Release */ = {
			isa = XCBuildConfiguration;
			buildSettings = {
				ASSETCATALOG_COMPILER_APPICON_NAME = AppIcon;
				CODE_SIGN_STYLE = Automatic;
				DEVELOPMENT_TEAM = 9D23U6XAWC;
				INFOPLIST_FILE = "$(SRCROOT)/Pasta/Resources/Info.plist";
				LD_RUNPATH_SEARCH_PATHS = (
					"$(inherited)",
					"@executable_path/Frameworks",
				);
				PRODUCT_BUNDLE_IDENTIFIER = com.almaunion.Pasta;
				PRODUCT_NAME = "$(TARGET_NAME)";
				SWIFT_VERSION = 4.2;
				TARGETED_DEVICE_FAMILY = "1,2";
			};
			name = Release;
		};
/* End XCBuildConfiguration section */

/* Begin XCConfigurationList section */
		D944DD6021E25E86008DFFFE /* Build configuration list for PBXProject "Pasta" */ = {
			isa = XCConfigurationList;
			buildConfigurations = (
				D944DD7521E25E90008DFFFE /* Debug */,
				D944DD7621E25E90008DFFFE /* Release */,
			);
			defaultConfigurationIsVisible = 0;
			defaultConfigurationName = Release;
		};
		D944DD7721E25E90008DFFFE /* Build configuration list for PBXNativeTarget "Pasta" */ = {
			isa = XCConfigurationList;
			buildConfigurations = (
				D944DD7821E25E90008DFFFE /* Debug */,
				D944DD7921E25E90008DFFFE /* Release */,
			);
			defaultConfigurationIsVisible = 0;
			defaultConfigurationName = Release;
		};
/* End XCConfigurationList section */
	};
	rootObject = D944DD5D21E25E86008DFFFE /* Project object */;
}
